
Microsoft Visual Studio Solution File, Format Version 12.00
# Visual Studio 14
VisualStudioVersion = 14.0.24720.0
MinimumVisualStudioVersion = 10.0.40219.1
Project("{FAE04EC0-301F-11D3-BF4B-00C04F79EFBC}") = "EME.Infrastructure.Common", "src\EME.Infrastructure.Common\EME.Infrastructure.Common.csproj", "{EB46F604-E71C-49B7-AE8A-A3D6DFCCB888}"
EndProject
Project("{2150E333-8FDC-42A3-9474-1A3956D46DE8}") = "07 Infrastructure", "07 Infrastructure", "{5EA636B7-FE3B-49B5-9C66-7CFD31336796}"
EndProject
Project("{2150E333-8FDC-42A3-9474-1A3956D46DE8}") = ".nuget", ".nuget", "{80A77BF2-B2BC-4F2F-A290-72BDE9170E26}"
	ProjectSection(SolutionItems) = preProject
		.nuget\NuGet.Config = .nuget\NuGet.Config
		.nuget\packages.config = .nuget\packages.config
	EndProjectSection
EndProject
Project("{FAE04EC0-301F-11D3-BF4B-00C04F79EFBC}") = "EME.Data.Models", "src\EME.Data.Models\EME.Data.Models.csproj", "{33C8EFDC-767E-4F6E-AA40-E07C3CDD6A18}"
EndProject
Project("{2150E333-8FDC-42A3-9474-1A3956D46DE8}") = "06 Data Access Layer", "06 Data Access Layer", "{C37C3BF5-0B04-4882-B3D4-877FBC1CF920}"
EndProject
Project("{FAE04EC0-301F-11D3-BF4B-00C04F79EFBC}") = "EME.Data.SqlRepositories", "src\EME.Data.SqlRepositories\EME.Data.SqlRepositories.csproj", "{8FFD228E-1C04-4405-A5EE-B045057261E4}"
EndProject
Project("{2150E333-8FDC-42A3-9474-1A3956D46DE8}") = "05 Business Logic Layer", "05 Business Logic Layer", "{00ADFBBD-F0C9-4E40-9C9A-192A09062BFB}"
EndProject
Project("{FAE04EC0-301F-11D3-BF4B-00C04F79EFBC}") = "EME.WebApi", "src\EME.WebApi\EME.WebApi.csproj", "{B6ED4485-4533-4D90-B246-566B3B8A9F6B}"
EndProject
Project("{2150E333-8FDC-42A3-9474-1A3956D46DE8}") = "01 WebSite", "01 WebSite", "{AAD7451B-BF9E-4EBB-9AD1-7FD8D53334B2}"
EndProject
Project("{FAE04EC0-301F-11D3-BF4B-00C04F79EFBC}") = "EME.Application", "src\EME.Application\EME.Application.csproj", "{467C1A61-3789-4BB8-B1F5-DF06228990AE}"
EndProject
Global
	GlobalSection(SolutionConfigurationPlatforms) = preSolution
		Debug|Any CPU = Debug|Any CPU
		Release|Any CPU = Release|Any CPU
	EndGlobalSection
	GlobalSection(ProjectConfigurationPlatforms) = postSolution
		{EB46F604-E71C-49B7-AE8A-A3D6DFCCB888}.Debug|Any CPU.ActiveCfg = Debug|Any CPU
		{EB46F604-E71C-49B7-AE8A-A3D6DFCCB888}.Debug|Any CPU.Build.0 = Debug|Any CPU
		{EB46F604-E71C-49B7-AE8A-A3D6DFCCB888}.Release|Any CPU.ActiveCfg = Release|Any CPU
		{EB46F604-E71C-49B7-AE8A-A3D6DFCCB888}.Release|Any CPU.Build.0 = Release|Any CPU
		{33C8EFDC-767E-4F6E-AA40-E07C3CDD6A18}.Debug|Any CPU.ActiveCfg = Debug|Any CPU
		{33C8EFDC-767E-4F6E-AA40-E07C3CDD6A18}.Debug|Any CPU.Build.0 = Debug|Any CPU
		{33C8EFDC-767E-4F6E-AA40-E07C3CDD6A18}.Release|Any CPU.ActiveCfg = Release|Any CPU
		{33C8EFDC-767E-4F6E-AA40-E07C3CDD6A18}.Release|Any CPU.Build.0 = Release|Any CPU
		{8FFD228E-1C04-4405-A5EE-B045057261E4}.Debug|Any CPU.ActiveCfg = Debug|Any CPU
		{8FFD228E-1C04-4405-A5EE-B045057261E4}.Debug|Any CPU.Build.0 = Debug|Any CPU
		{8FFD228E-1C04-4405-A5EE-B045057261E4}.Release|Any CPU.ActiveCfg = Release|Any CPU
		{8FFD228E-1C04-4405-A5EE-B045057261E4}.Release|Any CPU.Build.0 = Release|Any CPU
		{B6ED4485-4533-4D90-B246-566B3B8A9F6B}.Debug|Any CPU.ActiveCfg = Debug|Any CPU
		{B6ED4485-4533-4D90-B246-566B3B8A9F6B}.Debug|Any CPU.Build.0 = Debug|Any CPU
		{B6ED4485-4533-4D90-B246-566B3B8A9F6B}.Release|Any CPU.ActiveCfg = Release|Any CPU
		{B6ED4485-4533-4D90-B246-566B3B8A9F6B}.Release|Any CPU.Build.0 = Release|Any CPU
		{467C1A61-3789-4BB8-B1F5-DF06228990AE}.Debug|Any CPU.ActiveCfg = Debug|Any CPU
		{467C1A61-3789-4BB8-B1F5-DF06228990AE}.Debug|Any CPU.Build.0 = Debug|Any CPU
		{467C1A61-3789-4BB8-B1F5-DF06228990AE}.Release|Any CPU.ActiveCfg = Release|Any CPU
		{467C1A61-3789-4BB8-B1F5-DF06228990AE}.Release|Any CPU.Build.0 = Release|Any CPU
	EndGlobalSection
	GlobalSection(SolutionProperties) = preSolution
		HideSolutionNode = FALSE
	EndGlobalSection
	GlobalSection(NestedProjects) = preSolution
		{EB46F604-E71C-49B7-AE8A-A3D6DFCCB888} = {5EA636B7-FE3B-49B5-9C66-7CFD31336796}
		{33C8EFDC-767E-4F6E-AA40-E07C3CDD6A18} = {C37C3BF5-0B04-4882-B3D4-877FBC1CF920}
		{8FFD228E-1C04-4405-A5EE-B045057261E4} = {C37C3BF5-0B04-4882-B3D4-877FBC1CF920}
		{B6ED4485-4533-4D90-B246-566B3B8A9F6B} = {AAD7451B-BF9E-4EBB-9AD1-7FD8D53334B2}
		{467C1A61-3789-4BB8-B1F5-DF06228990AE} = {00ADFBBD-F0C9-4E40-9C9A-192A09062BFB}
	EndGlobalSection
EndGlobal
